// !$*UTF8*$!
{
	archiveVersion = 1;
	classes = {
	};
	objectVersion = 51;
	objects = {

/* Begin PBXBuildFile section */
		0C25E71C420EA331D44BEEEA /* Pods_LastFmSearch.framework in Frameworks */ = {isa = PBXBuildFile; fileRef = 3F546CA7E3DF6E9DDCE0AE0F /* Pods_LastFmSearch.framework */; };
		514E3B362508E5830034C6D0 /* AppDelegate.swift in Sources */ = {isa = PBXBuildFile; fileRef = 514E3B352508E5830034C6D0 /* AppDelegate.swift */; };
		514E3B3D2508E5830034C6D0 /* Main.storyboard in Resources */ = {isa = PBXBuildFile; fileRef = 514E3B3B2508E5830034C6D0 /* Main.storyboard */; };
		514E3B3F2508E5880034C6D0 /* Assets.xcassets in Resources */ = {isa = PBXBuildFile; fileRef = 514E3B3E2508E5880034C6D0 /* Assets.xcassets */; };
		514E3B422508E5880034C6D0 /* LaunchScreen.storyboard in Resources */ = {isa = PBXBuildFile; fileRef = 514E3B402508E5880034C6D0 /* LaunchScreen.storyboard */; };
		514E3B4B2508E9440034C6D0 /* MediaDetailsViewController.swift in Sources */ = {isa = PBXBuildFile; fileRef = 514E3B492508E9440034C6D0 /* MediaDetailsViewController.swift */; };
		514E3B4C2508E9440034C6D0 /* DashboardSeachViewController.swift in Sources */ = {isa = PBXBuildFile; fileRef = 514E3B4A2508E9440034C6D0 /* DashboardSeachViewController.swift */; };
		514E3B5E2508E9590034C6D0 /* HeaderCollectionReusableView.swift in Sources */ = {isa = PBXBuildFile; fileRef = 514E3B4F2508E9590034C6D0 /* HeaderCollectionReusableView.swift */; };
		514E3B5F2508E9590034C6D0 /* MediaCollectionViewCell.swift in Sources */ = {isa = PBXBuildFile; fileRef = 514E3B502508E9590034C6D0 /* MediaCollectionViewCell.swift */; };
		514E3B612508E9590034C6D0 /* SongSearch.swift in Sources */ = {isa = PBXBuildFile; fileRef = 514E3B552508E9590034C6D0 /* SongSearch.swift */; };
		514E3B622508E9590034C6D0 /* Song.swift in Sources */ = {isa = PBXBuildFile; fileRef = 514E3B562508E9590034C6D0 /* Song.swift */; };
		514E3B632508E9590034C6D0 /* ImageItem.swift in Sources */ = {isa = PBXBuildFile; fileRef = 514E3B572508E9590034C6D0 /* ImageItem.swift */; };
		514E3B642508E9590034C6D0 /* Album.swift in Sources */ = {isa = PBXBuildFile; fileRef = 514E3B592508E9590034C6D0 /* Album.swift */; };
		514E3B652508E9590034C6D0 /* AlbumSearch.swift in Sources */ = {isa = PBXBuildFile; fileRef = 514E3B5A2508E9590034C6D0 /* AlbumSearch.swift */; };
		514E3B662508E9590034C6D0 /* Artist.swift in Sources */ = {isa = PBXBuildFile; fileRef = 514E3B5C2508E9590034C6D0 /* Artist.swift */; };
		514E3B672508E9590034C6D0 /* ArtistSearch.swift in Sources */ = {isa = PBXBuildFile; fileRef = 514E3B5D2508E9590034C6D0 /* ArtistSearch.swift */; };
		514E3B6A2508ED6F0034C6D0 /* NetworkServices.swift in Sources */ = {isa = PBXBuildFile; fileRef = 514E3B692508ED6F0034C6D0 /* NetworkServices.swift */; };
/* End PBXBuildFile section */

/* Begin PBXFileReference section */
		0DD644C3D0F3F18945CF563B /* Pods-LastFmSearch.release.xcconfig */ = {isa = PBXFileReference; includeInIndex = 1; lastKnownFileType = text.xcconfig; name = "Pods-LastFmSearch.release.xcconfig"; path = "Target Support Files/Pods-LastFmSearch/Pods-LastFmSearch.release.xcconfig"; sourceTree = "<group>"; };
		3F546CA7E3DF6E9DDCE0AE0F /* Pods_LastFmSearch.framework */ = {isa = PBXFileReference; explicitFileType = wrapper.framework; includeInIndex = 0; path = Pods_LastFmSearch.framework; sourceTree = BUILT_PRODUCTS_DIR; };
		514E3B322508E5830034C6D0 /* LastFmSearch.app */ = {isa = PBXFileReference; explicitFileType = wrapper.application; includeInIndex = 0; path = LastFmSearch.app; sourceTree = BUILT_PRODUCTS_DIR; };
		514E3B352508E5830034C6D0 /* AppDelegate.swift */ = {isa = PBXFileReference; lastKnownFileType = sourcecode.swift; path = AppDelegate.swift; sourceTree = "<group>"; };
		514E3B3C2508E5830034C6D0 /* Base */ = {isa = PBXFileReference; lastKnownFileType = file.storyboard; name = Base; path = Base.lproj/Main.storyboard; sourceTree = "<group>"; };
		514E3B3E2508E5880034C6D0 /* Assets.xcassets */ = {isa = PBXFileReference; lastKnownFileType = folder.assetcatalog; path = Assets.xcassets; sourceTree = "<group>"; };
		514E3B412508E5880034C6D0 /* Base */ = {isa = PBXFileReference; lastKnownFileType = file.storyboard; name = Base; path = Base.lproj/LaunchScreen.storyboard; sourceTree = "<group>"; };
		514E3B432508E5880034C6D0 /* Info.plist */ = {isa = PBXFileReference; lastKnownFileType = text.plist.xml; path = Info.plist; sourceTree = "<group>"; };
		514E3B492508E9440034C6D0 /* MediaDetailsViewController.swift */ = {isa = PBXFileReference; fileEncoding = 4; lastKnownFileType = sourcecode.swift; path = MediaDetailsViewController.swift; sourceTree = "<group>"; };
		514E3B4A2508E9440034C6D0 /* DashboardSeachViewController.swift */ = {isa = PBXFileReference; fileEncoding = 4; lastKnownFileType = sourcecode.swift; path = DashboardSeachViewController.swift; sourceTree = "<group>"; };
		514E3B4F2508E9590034C6D0 /* HeaderCollectionReusableView.swift */ = {isa = PBXFileReference; fileEncoding = 4; lastKnownFileType = sourcecode.swift; path = HeaderCollectionReusableView.swift; sourceTree = "<group>"; };
		514E3B502508E9590034C6D0 /* MediaCollectionViewCell.swift */ = {isa = PBXFileReference; fileEncoding = 4; lastKnownFileType = sourcecode.swift; path = MediaCollectionViewCell.swift; sourceTree = "<group>"; };
		514E3B552508E9590034C6D0 /* SongSearch.swift */ = {isa = PBXFileReference; fileEncoding = 4; lastKnownFileType = sourcecode.swift; path = SongSearch.swift; sourceTree = "<group>"; };
		514E3B562508E9590034C6D0 /* Song.swift */ = {isa = PBXFileReference; fileEncoding = 4; lastKnownFileType = sourcecode.swift; path = Song.swift; sourceTree = "<group>"; };
		514E3B572508E9590034C6D0 /* ImageItem.swift */ = {isa = PBXFileReference; fileEncoding = 4; lastKnownFileType = sourcecode.swift; path = ImageItem.swift; sourceTree = "<group>"; };
		514E3B592508E9590034C6D0 /* Album.swift */ = {isa = PBXFileReference; fileEncoding = 4; lastKnownFileType = sourcecode.swift; path = Album.swift; sourceTree = "<group>"; };
		514E3B5A2508E9590034C6D0 /* AlbumSearch.swift */ = {isa = PBXFileReference; fileEncoding = 4; lastKnownFileType = sourcecode.swift; path = AlbumSearch.swift; sourceTree = "<group>"; };
		514E3B5C2508E9590034C6D0 /* Artist.swift */ = {isa = PBXFileReference; fileEncoding = 4; lastKnownFileType = sourcecode.swift; path = Artist.swift; sourceTree = "<group>"; };
		514E3B5D2508E9590034C6D0 /* ArtistSearch.swift */ = {isa = PBXFileReference; fileEncoding = 4; lastKnownFileType = sourcecode.swift; path = ArtistSearch.swift; sourceTree = "<group>"; };
		514E3B692508ED6F0034C6D0 /* NetworkServices.swift */ = {isa = PBXFileReference; fileEncoding = 4; lastKnownFileType = sourcecode.swift; path = NetworkServices.swift; sourceTree = "<group>"; };
		EA9DCCE36BB9556FD54F53B3 /* Pods-LastFmSearch.debug.xcconfig */ = {isa = PBXFileReference; includeInIndex = 1; lastKnownFileType = text.xcconfig; name = "Pods-LastFmSearch.debug.xcconfig"; path = "Target Support Files/Pods-LastFmSearch/Pods-LastFmSearch.debug.xcconfig"; sourceTree = "<group>"; };
/* End PBXFileReference section */

/* Begin PBXFrameworksBuildPhase section */
		514E3B2F2508E5830034C6D0 /* Frameworks */ = {
			isa = PBXFrameworksBuildPhase;
			buildActionMask = 2147483647;
			files = (
				0C25E71C420EA331D44BEEEA /* Pods_LastFmSearch.framework in Frameworks */,
			);
			runOnlyForDeploymentPostprocessing = 0;
		};
/* End PBXFrameworksBuildPhase section */

/* Begin PBXGroup section */
		514E3B292508E5830034C6D0 = {
			isa = PBXGroup;
			children = (
				514E3B342508E5830034C6D0 /* LastFmSearch */,
				514E3B332508E5830034C6D0 /* Products */,
				D86584B90EC0FCD414747A85 /* Pods */,
				D146A357A21E11654681899C /* Frameworks */,
			);
			sourceTree = "<group>";
		};
		514E3B332508E5830034C6D0 /* Products */ = {
			isa = PBXGroup;
			children = (
				514E3B322508E5830034C6D0 /* LastFmSearch.app */,
			);
			name = Products;
			sourceTree = "<group>";
		};
		514E3B342508E5830034C6D0 /* LastFmSearch */ = {
			isa = PBXGroup;
			children = (
				514E3B682508ED5A0034C6D0 /* Network  */,
				514E3B352508E5830034C6D0 /* AppDelegate.swift */,
				514E3B6D250917FE0034C6D0 /* ViewController */,
				514E3B532508E9590034C6D0 /* Models */,
				514E3B4D2508E9590034C6D0 /* Views */,
				514E3B3E2508E5880034C6D0 /* Assets.xcassets */,
				514E3B402508E5880034C6D0 /* LaunchScreen.storyboard */,
				514E3B432508E5880034C6D0 /* Info.plist */,
			);
			path = LastFmSearch;
			sourceTree = "<group>";
		};
		514E3B4D2508E9590034C6D0 /* Views */ = {
			isa = PBXGroup;
			children = (
				514E3B3B2508E5830034C6D0 /* Main.storyboard */,
				514E3B4E2508E9590034C6D0 /* Cells */,
			);
			path = Views;
			sourceTree = "<group>";
		};
		514E3B4E2508E9590034C6D0 /* Cells */ = {
			isa = PBXGroup;
			children = (
				514E3B4F2508E9590034C6D0 /* HeaderCollectionReusableView.swift */,
				514E3B502508E9590034C6D0 /* MediaCollectionViewCell.swift */,
			);
			path = Cells;
			sourceTree = "<group>";
		};
		514E3B532508E9590034C6D0 /* Models */ = {
			isa = PBXGroup;
			children = (
				514E3B542508E9590034C6D0 /* Song */,
				514E3B572508E9590034C6D0 /* ImageItem.swift */,
				514E3B582508E9590034C6D0 /* Album */,
				514E3B5B2508E9590034C6D0 /* Artist */,
			);
			path = Models;
			sourceTree = "<group>";
		};
		514E3B542508E9590034C6D0 /* Song */ = {
			isa = PBXGroup;
			children = (
				514E3B552508E9590034C6D0 /* SongSearch.swift */,
				514E3B562508E9590034C6D0 /* Song.swift */,
			);
			path = Song;
			sourceTree = "<group>";
		};
		514E3B582508E9590034C6D0 /* Album */ = {
			isa = PBXGroup;
			children = (
				514E3B592508E9590034C6D0 /* Album.swift */,
				514E3B5A2508E9590034C6D0 /* AlbumSearch.swift */,
			);
			path = Album;
			sourceTree = "<group>";
		};
		514E3B5B2508E9590034C6D0 /* Artist */ = {
			isa = PBXGroup;
			children = (
				514E3B5C2508E9590034C6D0 /* Artist.swift */,
				514E3B5D2508E9590034C6D0 /* ArtistSearch.swift */,
			);
			path = Artist;
			sourceTree = "<group>";
		};
		514E3B682508ED5A0034C6D0 /* Network  */ = {
			isa = PBXGroup;
			children = (
				514E3B692508ED6F0034C6D0 /* NetworkServices.swift */,
			);
			path = "Network ";
			sourceTree = "<group>";
		};
		514E3B6D250917FE0034C6D0 /* ViewController */ = {
			isa = PBXGroup;
			children = (
				514E3B4A2508E9440034C6D0 /* DashboardSeachViewController.swift */,
				514E3B492508E9440034C6D0 /* MediaDetailsViewController.swift */,
			);
			path = ViewController;
			sourceTree = "<group>";
		};
		D146A357A21E11654681899C /* Frameworks */ = {
			isa = PBXGroup;
			children = (
				3F546CA7E3DF6E9DDCE0AE0F /* Pods_LastFmSearch.framework */,
			);
			name = Frameworks;
			sourceTree = "<group>";
		};
		D86584B90EC0FCD414747A85 /* Pods */ = {
			isa = PBXGroup;
			children = (
				EA9DCCE36BB9556FD54F53B3 /* Pods-LastFmSearch.debug.xcconfig */,
				0DD644C3D0F3F18945CF563B /* Pods-LastFmSearch.release.xcconfig */,
			);
			path = Pods;
			sourceTree = "<group>";
		};
/* End PBXGroup section */

/* Begin PBXNativeTarget section */
		514E3B312508E5830034C6D0 /* LastFmSearch */ = {
			isa = PBXNativeTarget;
			buildConfigurationList = 514E3B462508E5880034C6D0 /* Build configuration list for PBXNativeTarget "LastFmSearch" */;
			buildPhases = (
				DD03F1C31AD3BC3F4DF449AD /* [CP] Check Pods Manifest.lock */,
				514E3B2E2508E5830034C6D0 /* Sources */,
				514E3B2F2508E5830034C6D0 /* Frameworks */,
				514E3B302508E5830034C6D0 /* Resources */,
				30EA868AEA64E3E84361BBB7 /* [CP] Embed Pods Frameworks */,
			);
			buildRules = (
			);
			dependencies = (
			);
			name = LastFmSearch;
			productName = LastFmSearch;
			productReference = 514E3B322508E5830034C6D0 /* LastFmSearch.app */;
			productType = "com.apple.product-type.application";
		};
/* End PBXNativeTarget section */

/* Begin PBXProject section */
		514E3B2A2508E5830034C6D0 /* Project object */ = {
			isa = PBXProject;
			attributes = {
				LastSwiftUpdateCheck = 1170;
				LastUpgradeCheck = 1170;
				ORGANIZATIONNAME = akshay;
				TargetAttributes = {
					514E3B312508E5830034C6D0 = {
						CreatedOnToolsVersion = 11.7;
					};
				};
			};
			buildConfigurationList = 514E3B2D2508E5830034C6D0 /* Build configuration list for PBXProject "LastFmSearch" */;
			compatibilityVersion = "Xcode 9.3";
			developmentRegion = en;
			hasScannedForEncodings = 0;
			knownRegions = (
				en,
				Base,
			);
			mainGroup = 514E3B292508E5830034C6D0;
			productRefGroup = 514E3B332508E5830034C6D0 /* Products */;
			projectDirPath = "";
			projectRoot = "";
			targets = (
				514E3B312508E5830034C6D0 /* LastFmSearch */,
			);
		};
/* End PBXProject section */

/* Begin PBXResourcesBuildPhase section */
		514E3B302508E5830034C6D0 /* Resources */ = {
			isa = PBXResourcesBuildPhase;
			buildActionMask = 2147483647;
			files = (
				514E3B422508E5880034C6D0 /* LaunchScreen.storyboard in Resources */,
				514E3B3F2508E5880034C6D0 /* Assets.xcassets in Resources */,
				514E3B3D2508E5830034C6D0 /* Main.storyboard in Resources */,
			);
			runOnlyForDeploymentPostprocessing = 0;
		};
/* End PBXResourcesBuildPhase section */

/* Begin PBXShellScriptBuildPhase section */
		30EA868AEA64E3E84361BBB7 /* [CP] Embed Pods Frameworks */ = {
			isa = PBXShellScriptBuildPhase;
			buildActionMask = 2147483647;
			files = (
			);
			inputFileListPaths = (
				"${PODS_ROOT}/Target Support Files/Pods-LastFmSearch/Pods-LastFmSearch-frameworks-${CONFIGURATION}-input-files.xcfilelist",
			);
			name = "[CP] Embed Pods Frameworks";
			outputFileListPaths = (
				"${PODS_ROOT}/Target Support Files/Pods-LastFmSearch/Pods-LastFmSearch-frameworks-${CONFIGURATION}-output-files.xcfilelist",
			);
			runOnlyForDeploymentPostprocessing = 0;
			shellPath = /bin/sh;
			shellScript = "\"${PODS_ROOT}/Target Support Files/Pods-LastFmSearch/Pods-LastFmSearch-frameworks.sh\"\n";
			showEnvVarsInLog = 0;
		};
		DD03F1C31AD3BC3F4DF449AD /* [CP] Check Pods Manifest.lock */ = {
			isa = PBXShellScriptBuildPhase;
			buildActionMask = 2147483647;
			files = (
			);
			inputFileListPaths = (
			);
			inputPaths = (
				"${PODS_PODFILE_DIR_PATH}/Podfile.lock",
				"${PODS_ROOT}/Manifest.lock",
			);
			name = "[CP] Check Pods Manifest.lock";
			outputFileListPaths = (
			);
			outputPaths = (
				"$(DERIVED_FILE_DIR)/Pods-LastFmSearch-checkManifestLockResult.txt",
			);
			runOnlyForDeploymentPostprocessing = 0;
			shellPath = /bin/sh;
			shellScript = "diff \"${PODS_PODFILE_DIR_PATH}/Podfile.lock\" \"${PODS_ROOT}/Manifest.lock\" > /dev/null\nif [ $? != 0 ] ; then\n    # print error to STDERR\n    echo \"error: The sandbox is not in sync with the Podfile.lock. Run 'pod install' or update your CocoaPods installation.\" >&2\n    exit 1\nfi\n# This output is used by Xcode 'outputs' to avoid re-running this script phase.\necho \"SUCCESS\" > \"${SCRIPT_OUTPUT_FILE_0}\"\n";
			showEnvVarsInLog = 0;
		};
/* End PBXShellScriptBuildPhase section */

/* Begin PBXSourcesBuildPhase section */
		514E3B2E2508E5830034C6D0 /* Sources */ = {
			isa = PBXSourcesBuildPhase;
			buildActionMask = 2147483647;
			files = (
				514E3B632508E9590034C6D0 /* ImageItem.swift in Sources */,
				514E3B4C2508E9440034C6D0 /* DashboardSeachViewController.swift in Sources */,
				514E3B5F2508E9590034C6D0 /* MediaCollectionViewCell.swift in Sources */,
				514E3B612508E9590034C6D0 /* SongSearch.swift in Sources */,
				514E3B6A2508ED6F0034C6D0 /* NetworkServices.swift in Sources */,
				514E3B622508E9590034C6D0 /* Song.swift in Sources */,
				514E3B662508E9590034C6D0 /* Artist.swift in Sources */,
				514E3B362508E5830034C6D0 /* AppDelegate.swift in Sources */,
				514E3B5E2508E9590034C6D0 /* HeaderCollectionReusableView.swift in Sources */,
				514E3B672508E9590034C6D0 /* ArtistSearch.swift in Sources */,
				514E3B652508E9590034C6D0 /* AlbumSearch.swift in Sources */,
				514E3B4B2508E9440034C6D0 /* MediaDetailsViewController.swift in Sources */,
				514E3B642508E9590034C6D0 /* Album.swift in Sources */,
			);
			runOnlyForDeploymentPostprocessing = 0;
		};
/* End PBXSourcesBuildPhase section */

/* Begin PBXVariantGroup section */
		514E3B3B2508E5830034C6D0 /* Main.storyboard */ = {
			isa = PBXVariantGroup;
			children = (
				514E3B3C2508E5830034C6D0 /* Base */,
			);
			name = Main.storyboard;
			sourceTree = "<group>";
		};
		514E3B402508E5880034C6D0 /* LaunchScreen.storyboard */ = {
			isa = PBXVariantGroup;
			children = (
				514E3B412508E5880034C6D0 /* Base */,
			);
			name = LaunchScreen.storyboard;
			sourceTree = "<group>";
		};
/* End PBXVariantGroup section */

/* Begin XCBuildConfiguration section */
		514E3B442508E5880034C6D0 /* Debug */ = {
			isa = XCBuildConfiguration;
			buildSettings = {
				ALWAYS_SEARCH_USER_PATHS = NO;
				CLANG_ANALYZER_NONNULL = YES;
				CLANG_ANALYZER_NUMBER_OBJECT_CONVERSION = YES_AGGRESSIVE;
				CLANG_CXX_LANGUAGE_STANDARD = "gnu++14";
				CLANG_CXX_LIBRARY = "libc++";
				CLANG_ENABLE_MODULES = YES;
				CLANG_ENABLE_OBJC_ARC = YES;
				CLANG_ENABLE_OBJC_WEAK = YES;
				CLANG_WARN_BLOCK_CAPTURE_AUTORELEASING = YES;
				CLANG_WARN_BOOL_CONVERSION = YES;
				CLANG_WARN_COMMA = YES;
				CLANG_WARN_CONSTANT_CONVERSION = YES;
				CLANG_WARN_DEPRECATED_OBJC_IMPLEMENTATIONS = YES;
				CLANG_WARN_DIRECT_OBJC_ISA_USAGE = YES_ERROR;
				CLANG_WARN_DOCUMENTATION_COMMENTS = YES;
				CLANG_WARN_EMPTY_BODY = YES;
				CLANG_WARN_ENUM_CONVERSION = YES;
				CLANG_WARN_INFINITE_RECURSION = YES;
				CLANG_WARN_INT_CONVERSION = YES;
				CLANG_WARN_NON_LITERAL_NULL_CONVERSION = YES;
				CLANG_WARN_OBJC_IMPLICIT_RETAIN_SELF = YES;
				CLANG_WARN_OBJC_LITERAL_CONVERSION = YES;
				CLANG_WARN_OBJC_ROOT_CLASS = YES_ERROR;
				CLANG_WARN_RANGE_LOOP_ANALYSIS = YES;
				CLANG_WARN_STRICT_PROTOTYPES = YES;
				CLANG_WARN_SUSPICIOUS_MOVE = YES;
				CLANG_WARN_UNGUARDED_AVAILABILITY = YES_AGGRESSIVE;
				CLANG_WARN_UNREACHABLE_CODE = YES;
				CLANG_WARN__DUPLICATE_METHOD_MATCH = YES;
				COPY_PHASE_STRIP = NO;
				DEBUG_INFORMATION_FORMAT = dwarf;
				ENABLE_STRICT_OBJC_MSGSEND = YES;
				ENABLE_TESTABILITY = YES;
				GCC_C_LANGUAGE_STANDARD = gnu11;
				GCC_DYNAMIC_NO_PIC = NO;
				GCC_NO_COMMON_BLOCKS = YES;
				GCC_OPTIMIZATION_LEVEL = 0;
				GCC_PREPROCESSOR_DEFINITIONS = (
					"DEBUG=1",
					"$(inherited)",
				);
				GCC_WARN_64_TO_32_BIT_CONVERSION = YES;
				GCC_WARN_ABOUT_RETURN_TYPE = YES_ERROR;
				GCC_WARN_UNDECLARED_SELECTOR = YES;
				GCC_WARN_UNINITIALIZED_AUTOS = YES_AGGRESSIVE;
				GCC_WARN_UNUSED_FUNCTION = YES;
				GCC_WARN_UNUSED_VARIABLE = YES;
				IPHONEOS_DEPLOYMENT_TARGET = 11.0;
				MTL_ENABLE_DEBUG_INFO = INCLUDE_SOURCE;
				MTL_FAST_MATH = YES;
				ONLY_ACTIVE_ARCH = YES;
				SDKROOT = iphoneos;
				SWIFT_ACTIVE_COMPILATION_CONDITIONS = DEBUG;
				SWIFT_OPTIMIZATION_LEVEL = "-Onone";
			};
			name = Debug;
		};
		514E3B452508E5880034C6D0 /* Release */ = {
			isa = XCBuildConfiguration;
			buildSettings = {
				ALWAYS_SEARCH_USER_PATHS = NO;
				CLANG_ANALYZER_NONNULL = YES;
				CLANG_ANALYZER_NUMBER_OBJECT_CONVERSION = YES_AGGRESSIVE;
				CLANG_CXX_LANGUAGE_STANDARD = "gnu++14";
				CLANG_CXX_LIBRARY = "libc++";
				CLANG_ENABLE_MODULES = YES;
				CLANG_ENABLE_OBJC_ARC = YES;
				CLANG_ENABLE_OBJC_WEAK = YES;
				CLANG_WARN_BLOCK_CAPTURE_AUTORELEASING = YES;
				CLANG_WARN_BOOL_CONVERSION = YES;
				CLANG_WARN_COMMA = YES;
				CLANG_WARN_CONSTANT_CONVERSION = YES;
				CLANG_WARN_DEPRECATED_OBJC_IMPLEMENTATIONS = YES;
				CLANG_WARN_DIRECT_OBJC_ISA_USAGE = YES_ERROR;
				CLANG_WARN_DOCUMENTATION_COMMENTS = YES;
				CLANG_WARN_EMPTY_BODY = YES;
				CLANG_WARN_ENUM_CONVERSION = YES;
				CLANG_WARN_INFINITE_RECURSION = YES;
				CLANG_WARN_INT_CONVERSION = YES;
				CLANG_WARN_NON_LITERAL_NULL_CONVERSION = YES;
				CLANG_WARN_OBJC_IMPLICIT_RETAIN_SELF = YES;
				CLANG_WARN_OBJC_LITERAL_CONVERSION = YES;
				CLANG_WARN_OBJC_ROOT_CLASS = YES_ERROR;
				CLANG_WARN_RANGE_LOOP_ANALYSIS = YES;
				CLANG_WARN_STRICT_PROTOTYPES = YES;
				CLANG_WARN_SUSPICIOUS_MOVE = YES;
				CLANG_WARN_UNGUARDED_AVAILABILITY = YES_AGGRESSIVE;
				CLANG_WARN_UNREACHABLE_CODE = YES;
				CLANG_WARN__DUPLICATE_METHOD_MATCH = YES;
				COPY_PHASE_STRIP = NO;
				DEBUG_INFORMATION_FORMAT = "dwarf-with-dsym";
				ENABLE_NS_ASSERTIONS = NO;
				ENABLE_STRICT_OBJC_MSGSEND = YES;
				GCC_C_LANGUAGE_STANDARD = gnu11;
				GCC_NO_COMMON_BLOCKS = YES;
				GCC_WARN_64_TO_32_BIT_CONVERSION = YES;
				GCC_WARN_ABOUT_RETURN_TYPE = YES_ERROR;
				GCC_WARN_UNDECLARED_SELECTOR = YES;
				GCC_WARN_UNINITIALIZED_AUTOS = YES_AGGRESSIVE;
				GCC_WARN_UNUSED_FUNCTION = YES;
				GCC_WARN_UNUSED_VARIABLE = YES;
				IPHONEOS_DEPLOYMENT_TARGET = 11.0;
				MTL_ENABLE_DEBUG_INFO = NO;
				MTL_FAST_MATH = YES;
				SDKROOT = iphoneos;
				SWIFT_COMPILATION_MODE = wholemodule;
				SWIFT_OPTIMIZATION_LEVEL = "-O";
				VALIDATE_PRODUCT = YES;
			};
			name = Release;
		};
		514E3B472508E5880034C6D0 /* Debug */ = {
			isa = XCBuildConfiguration;
			baseConfigurationReference = EA9DCCE36BB9556FD54F53B3 /* Pods-LastFmSearch.debug.xcconfig */;
			buildSettings = {
				ASSETCATALOG_COMPILER_APPICON_NAME = AppIcon;
				CODE_SIGN_STYLE = Automatic;
				INFOPLIST_FILE = LastFmSearch/Info.plist;
				IPHONEOS_DEPLOYMENT_TARGET = 11.0;
				LD_RUNPATH_SEARCH_PATHS = (
					"$(inherited)",
					"@executable_path/Frameworks",
				);
				ONLY_ACTIVE_ARCH = YES;
				PRODUCT_BUNDLE_IDENTIFIER = akshay.LastFmSearch;
				PRODUCT_NAME = "$(TARGET_NAME)";
				SWIFT_VERSION = 5.0;
				TARGETED_DEVICE_FAMILY = "1,2";
			};
			name = Debug;
		};
		514E3B482508E5880034C6D0 /* Release */ = {
			isa = XCBuildConfiguration;
			baseConfigurationReference = 0DD644C3D0F3F18945CF563B /* Pods-LastFmSearch.release.xcconfig */;
			buildSettings = {
				ASSETCATALOG_COMPILER_APPICON_NAME = AppIcon;
				CODE_SIGN_STYLE = Automatic;
				INFOPLIST_FILE = LastFmSearch/Info.plist;
				IPHONEOS_DEPLOYMENT_TARGET = 11.0;
				LD_RUNPATH_SEARCH_PATHS = (
					"$(inherited)",
					"@executable_path/Frameworks",
				);
				ONLY_ACTIVE_ARCH = YES;
				PRODUCT_BUNDLE_IDENTIFIER = akshay.LastFmSearch;
				PRODUCT_NAME = "$(TARGET_NAME)";
				SWIFT_VERSION = 5.0;
				TARGETED_DEVICE_FAMILY = "1,2";
			};
			name = Release;
		};
/* End XCBuildConfiguration section */

/* Begin XCConfigurationList section */
		514E3B2D2508E5830034C6D0 /* Build configuration list for PBXProject "LastFmSearch" */ = {
			isa = XCConfigurationList;
			buildConfigurations = (
				514E3B442508E5880034C6D0 /* Debug */,
				514E3B452508E5880034C6D0 /* Release */,
			);
			defaultConfigurationIsVisible = 0;
			defaultConfigurationName = Release;
		};
		514E3B462508E5880034C6D0 /* Build configuration list for PBXNativeTarget "LastFmSearch" */ = {
			isa = XCConfigurationList;
			buildConfigurations = (
				514E3B472508E5880034C6D0 /* Debug */,
				514E3B482508E5880034C6D0 /* Release */,
			);
			defaultConfigurationIsVisible = 0;
			defaultConfigurationName = Release;
		};
/* End XCConfigurationList section */
	};
	rootObject = 514E3B2A2508E5830034C6D0 /* Project object */;
}
